{
  "name": "agent-tinder-link",
  "lockfileVersion": 3,
  "requires": true,
  "packages": {
    "": {
      "dependencies": {
        "@expo-google-fonts/dm-sans": "^0.4.2",
        "@expo-google-fonts/dm-serif-display": "^0.4.2"
      }
    },
    "node_modules/@expo-google-fonts/dm-sans": {
      "version": "0.4.2",
      "resolved": "https://registry.npmjs.org/@expo-google-fonts/dm-sans/-/dm-sans-0.4.2.tgz",
      "integrity": "sha512-e/fLH5aCJzkEenz7axvEn8N7IJAKhUwNjIxS75h9j+Ip1M9S7d22M19gJN3A7QW4egVkBJRyQh1hQFhngQn9yA==",
      "license": "MIT AND OFL-1.1"
    },
    "node_modules/@expo-google-fonts/dm-serif-display": {
      "version": "0.4.2",
      "resolved": "https://registry.npmjs.org/@expo-google-fonts/dm-serif-display/-/dm-serif-display-0.4.2.tgz",
      "integrity": "sha512-onlO8xAzsgMbKcwUE+fAgJ5AFHhk06VtaDN7eQOJwjV65QIciDKTiSNu1ymHc4m6g/x6D9OqPIYPXdTNIfaEaA==",
      "license": "MIT AND OFL-1.1"
    }
  }
}
